// !$*UTF8*$!
{
	archiveVersion = 1;
	classes = {
	};
	objectVersion = 46;
	objects = {

/* Begin PBXBuildFile section */
		0155380E1C77D45F00D3FE62 /* main.m in Sources */ = {isa = PBXBuildFile; fileRef = 0155380D1C77D45F00D3FE62 /* main.m */; };
		015538111C77D45F00D3FE62 /* AppDelegate.m in Sources */ = {isa = PBXBuildFile; fileRef = 015538101C77D45F00D3FE62 /* AppDelegate.m */; };
		015538141C77D45F00D3FE62 /* ViewController.m in Sources */ = {isa = PBXBuildFile; fileRef = 015538131C77D45F00D3FE62 /* ViewController.m */; };
		015538171C77D45F00D3FE62 /* Main.storyboard in Resources */ = {isa = PBXBuildFile; fileRef = 015538151C77D45F00D3FE62 /* Main.storyboard */; };
		015538191C77D45F00D3FE62 /* Assets.xcassets in Resources */ = {isa = PBXBuildFile; fileRef = 015538181C77D45F00D3FE62 /* Assets.xcassets */; };
		015538D11C789FA700D3FE62 /* MultiTarget_Framework.framework in Frameworks */ = {isa = PBXBuildFile; fileRef = 015538D01C789FA700D3FE62 /* MultiTarget_Framework.framework */; };
/* End PBXBuildFile section */

/* Begin PBXFileReference section */
		015538091C77D45F00D3FE62 /* MultiTarget_tvOS.app */ = {isa = PBXFileReference; explicitFileType = wrapper.application; includeInIndex = 0; path = MultiTarget_tvOS.app; sourceTree = BUILT_PRODUCTS_DIR; };
		0155380D1C77D45F00D3FE62 /* main.m */ = {isa = PBXFileReference; lastKnownFileType = sourcecode.c.objc; path = main.m; sourceTree = "<group>"; };
		0155380F1C77D45F00D3FE62 /* AppDelegate.h */ = {isa = PBXFileReference; lastKnownFileType = sourcecode.c.h; path = AppDelegate.h; sourceTree = "<group>"; };
		015538101C77D45F00D3FE62 /* AppDelegate.m */ = {isa = PBXFileReference; lastKnownFileType = sourcecode.c.objc; path = AppDelegate.m; sourceTree = "<group>"; };
		015538121C77D45F00D3FE62 /* ViewController.h */ = {isa = PBXFileReference; lastKnownFileType = sourcecode.c.h; path = ViewController.h; sourceTree = "<group>"; };
		015538131C77D45F00D3FE62 /* ViewController.m */ = {isa = PBXFileReference; lastKnownFileType = sourcecode.c.objc; path = ViewController.m; sourceTree = "<group>"; };
		015538161C77D45F00D3FE62 /* Base */ = {isa = PBXFileReference; lastKnownFileType = file.storyboard; name = Base; path = Base.lproj/Main.storyboard; sourceTree = "<group>"; };
		015538181C77D45F00D3FE62 /* Assets.xcassets */ = {isa = PBXFileReference; lastKnownFileType = folder.assetcatalog; path = Assets.xcassets; sourceTree = "<group>"; };
		0155381A1C77D45F00D3FE62 /* Info.plist */ = {isa = PBXFileReference; lastKnownFileType = text.plist.xml; path = Info.plist; sourceTree = "<group>"; };
		015538D01C789FA700D3FE62 /* MultiTarget_Framework.framework */ = {isa = PBXFileReference; lastKnownFileType = wrapper.framework; name = MultiTarget_Framework.framework; path = "../MultiTarget_Framework/build/Debug-appletvos/MultiTarget_Framework.framework"; sourceTree = "<group>"; };
/* End PBXFileReference section */

/* Begin PBXFrameworksBuildPhase section */
		015538061C77D45F00D3FE62 /* Frameworks */ = {
			isa = PBXFrameworksBuildPhase;
			buildActionMask = 2147483647;
			files = (
				015538D11C789FA700D3FE62 /* MultiTarget_Framework.framework in Frameworks */,
			);
			runOnlyForDeploymentPostprocessing = 0;
		};
/* End PBXFrameworksBuildPhase section */

/* Begin PBXGroup section */
		015538001C77D45F00D3FE62 = {
			isa = PBXGroup;
			children = (
				015538D01C789FA700D3FE62 /* MultiTarget_Framework.framework */,
				0155380B1C77D45F00D3FE62 /* MultiTarget_tvOS */,
				0155380A1C77D45F00D3FE62 /* Products */,
			);
			sourceTree = "<group>";
		};
		0155380A1C77D45F00D3FE62 /* Products */ = {
			isa = PBXGroup;
			children = (
				015538091C77D45F00D3FE62 /* MultiTarget_tvOS.app */,
			);
			name = Products;
			sourceTree = "<group>";
		};
		0155380B1C77D45F00D3FE62 /* MultiTarget_tvOS */ = {
			isa = PBXGroup;
			children = (
				0155380F1C77D45F00D3FE62 /* AppDelegate.h */,
				015538101C77D45F00D3FE62 /* AppDelegate.m */,
				015538121C77D45F00D3FE62 /* ViewController.h */,
				015538131C77D45F00D3FE62 /* ViewController.m */,
				015538151C77D45F00D3FE62 /* Main.storyboard */,
				015538181C77D45F00D3FE62 /* Assets.xcassets */,
				0155381A1C77D45F00D3FE62 /* Info.plist */,
				0155380C1C77D45F00D3FE62 /* Supporting Files */,
			);
			path = MultiTarget_tvOS;
			sourceTree = "<group>";
		};
		0155380C1C77D45F00D3FE62 /* Supporting Files */ = {
			isa = PBXGroup;
			children = (
				0155380D1C77D45F00D3FE62 /* main.m */,
			);
			name = "Supporting Files";
			sourceTree = "<group>";
		};
/* End PBXGroup section */

/* Begin PBXNativeTarget section */
		015538081C77D45F00D3FE62 /* MultiTarget_tvOS */ = {
			isa = PBXNativeTarget;
			buildConfigurationList = 0155381D1C77D45F00D3FE62 /* Build configuration list for PBXNativeTarget "MultiTarget_tvOS" */;
			buildPhases = (
				015538051C77D45F00D3FE62 /* Sources */,
				015538061C77D45F00D3FE62 /* Frameworks */,
				015538071C77D45F00D3FE62 /* Resources */,
			);
			buildRules = (
			);
			dependencies = (
			);
			name = MultiTarget_tvOS;
			productName = MultiTarget_tvOS;
			productReference = 015538091C77D45F00D3FE62 /* MultiTarget_tvOS.app */;
			productType = "com.apple.product-type.application";
		};
/* End PBXNativeTarget section */

/* Begin PBXProject section */
		015538011C77D45F00D3FE62 /* Project object */ = {
			isa = PBXProject;
			attributes = {
				LastUpgradeCheck = 0720;
				ORGANIZATIONNAME = Awesomation;
				TargetAttributes = {
					015538081C77D45F00D3FE62 = {
						CreatedOnToolsVersion = 7.2.1;
					};
				};
			};
			buildConfigurationList = 015538041C77D45F00D3FE62 /* Build configuration list for PBXProject "MultiTarget_tvOS" */;
			compatibilityVersion = "Xcode 3.2";
			developmentRegion = English;
			hasScannedForEncodings = 0;
			knownRegions = (
				en,
				Base,
			);
			mainGroup = 015538001C77D45F00D3FE62;
			productRefGroup = 0155380A1C77D45F00D3FE62 /* Products */;
			projectDirPath = "";
			projectRoot = "";
			targets = (
				015538081C77D45F00D3FE62 /* MultiTarget_tvOS */,
			);
		};
/* End PBXProject section */

/* Begin PBXResourcesBuildPhase section */
		015538071C77D45F00D3FE62 /* Resources */ = {
			isa = PBXResourcesBuildPhase;
			buildActionMask = 2147483647;
			files = (
				015538191C77D45F00D3FE62 /* Assets.xcassets in Resources */,
				015538171C77D45F00D3FE62 /* Main.storyboard in Resources */,
			);
			runOnlyForDeploymentPostprocessing = 0;
		};
/* End PBXResourcesBuildPhase section */

/* Begin PBXSourcesBuildPhase section */
		015538051C77D45F00D3FE62 /* Sources */ = {
			isa = PBXSourcesBuildPhase;
			buildActionMask = 2147483647;
			files = (
				015538141C77D45F00D3FE62 /* ViewController.m in Sources */,
				015538111C77D45F00D3FE62 /* AppDelegate.m in Sources */,
				0155380E1C77D45F00D3FE62 /* main.m in Sources */,
			);
			runOnlyForDeploymentPostprocessing = 0;
		};
/* End PBXSourcesBuildPhase section */

/* Begin PBXVariantGroup section */
		015538151C77D45F00D3FE62 /* Main.storyboard */ = {
			isa = PBXVariantGroup;
			children = (
				015538161C77D45F00D3FE62 /* Base */,
			);
			name = Main.storyboard;
			sourceTree = "<group>";
		};
/* End PBXVariantGroup section */

/* Begin XCBuildConfiguration section */
		0155381B1C77D45F00D3FE62 /* Debug */ = {
			isa = XCBuildConfiguration;
			buildSettings = {
				ALWAYS_SEARCH_USER_PATHS = NO;
				CLANG_CXX_LANGUAGE_STANDARD = "gnu++0x";
				CLANG_CXX_LIBRARY = "libc++";
				CLANG_ENABLE_MODULES = YES;
				CLANG_ENABLE_OBJC_ARC = YES;
				CLANG_WARN_BOOL_CONVERSION = YES;
				CLANG_WARN_CONSTANT_CONVERSION = YES;
				CLANG_WARN_DIRECT_OBJC_ISA_USAGE = YES_ERROR;
				CLANG_WARN_EMPTY_BODY = YES;
				CLANG_WARN_ENUM_CONVERSION = YES;
				CLANG_WARN_INT_CONVERSION = YES;
				CLANG_WARN_OBJC_ROOT_CLASS = YES_ERROR;
				CLANG_WARN_UNREACHABLE_CODE = YES;
				CLANG_WARN__DUPLICATE_METHOD_MATCH = YES;
				COPY_PHASE_STRIP = NO;
				DEBUG_INFORMATION_FORMAT = dwarf;
				ENABLE_STRICT_OBJC_MSGSEND = YES;
				ENABLE_TESTABILITY = YES;
				GCC_C_LANGUAGE_STANDARD = gnu99;
				GCC_DYNAMIC_NO_PIC = NO;
				GCC_NO_COMMON_BLOCKS = YES;
				GCC_OPTIMIZATION_LEVEL = 0;
				GCC_PREPROCESSOR_DEFINITIONS = (
					"DEBUG=1",
					"$(inherited)",
				);
				GCC_WARN_64_TO_32_BIT_CONVERSION = YES;
				GCC_WARN_ABOUT_RETURN_TYPE = YES_ERROR;
				GCC_WARN_UNDECLARED_SELECTOR = YES;
				GCC_WARN_UNINITIALIZED_AUTOS = YES_AGGRESSIVE;
				GCC_WARN_UNUSED_FUNCTION = YES;
				GCC_WARN_UNUSED_VARIABLE = YES;
				MTL_ENABLE_DEBUG_INFO = YES;
				ONLY_ACTIVE_ARCH = YES;
				SDKROOT = appletvos;
				TARGETED_DEVICE_FAMILY = 3;
				TVOS_DEPLOYMENT_TARGET = 9.1;
			};
			name = Debug;
		};
		0155381C1C77D45F00D3FE62 /* Release */ = {
			isa = XCBuildConfiguration;
			buildSettings = {
				ALWAYS_SEARCH_USER_PATHS = NO;
				CLANG_CXX_LANGUAGE_STANDARD = "gnu++0x";
				CLANG_CXX_LIBRARY = "libc++";
				CLANG_ENABLE_MODULES = YES;
				CLANG_ENABLE_OBJC_ARC = YES;
				CLANG_WARN_BOOL_CONVERSION = YES;
				CLANG_WARN_CONSTANT_CONVERSION = YES;
				CLANG_WARN_DIRECT_OBJC_ISA_USAGE = YES_ERROR;
				CLANG_WARN_EMPTY_BODY = YES;
				CLANG_WARN_ENUM_CONVERSION = YES;
				CLANG_WARN_INT_CONVERSION = YES;
				CLANG_WARN_OBJC_ROOT_CLASS = YES_ERROR;
				CLANG_WARN_UNREACHABLE_CODE = YES;
				CLANG_WARN__DUPLICATE_METHOD_MATCH = YES;
				COPY_PHASE_STRIP = NO;
				DEBUG_INFORMATION_FORMAT = "dwarf-with-dsym";
				ENABLE_NS_ASSERTIONS = NO;
				ENABLE_STRICT_OBJC_MSGSEND = YES;
				GCC_C_LANGUAGE_STANDARD = gnu99;
				GCC_NO_COMMON_BLOCKS = YES;
				GCC_WARN_64_TO_32_BIT_CONVERSION = YES;
				GCC_WARN_ABOUT_RETURN_TYPE = YES_ERROR;
				GCC_WARN_UNDECLARED_SELECTOR = YES;
				GCC_WARN_UNINITIALIZED_AUTOS = YES_AGGRESSIVE;
				GCC_WARN_UNUSED_FUNCTION = YES;
				GCC_WARN_UNUSED_VARIABLE = YES;
				MTL_ENABLE_DEBUG_INFO = NO;
				SDKROOT = appletvos;
				TARGETED_DEVICE_FAMILY = 3;
				TVOS_DEPLOYMENT_TARGET = 9.1;
				VALIDATE_PRODUCT = YES;
			};
			name = Release;
		};
		0155381E1C77D45F00D3FE62 /* Debug */ = {
			isa = XCBuildConfiguration;
			buildSettings = {
				ASSETCATALOG_COMPILER_APPICON_NAME = "App Icon & Top Shelf Image";
				ASSETCATALOG_COMPILER_LAUNCHIMAGE_NAME = LaunchImage;
				INFOPLIST_FILE = MultiTarget_tvOS/Info.plist;
				LD_RUNPATH_SEARCH_PATHS = "$(inherited) @executable_path/Frameworks";
				PRODUCT_BUNDLE_IDENTIFIER = "nl.dudio.MultiTarget-tvOS";
				PRODUCT_NAME = "$(TARGET_NAME)";
			};
			name = Debug;
		};
		0155381F1C77D45F00D3FE62 /* Release */ = {
			isa = XCBuildConfiguration;
			buildSettings = {
				ASSETCATALOG_COMPILER_APPICON_NAME = "App Icon & Top Shelf Image";
				ASSETCATALOG_COMPILER_LAUNCHIMAGE_NAME = LaunchImage;
				INFOPLIST_FILE = MultiTarget_tvOS/Info.plist;
				LD_RUNPATH_SEARCH_PATHS = "$(inherited) @executable_path/Frameworks";
				PRODUCT_BUNDLE_IDENTIFIER = "nl.dudio.MultiTarget-tvOS";
				PRODUCT_NAME = "$(TARGET_NAME)";
			};
			name = Release;
		};
/* End XCBuildConfiguration section */

/* Begin XCConfigurationList section */
		015538041C77D45F00D3FE62 /* Build configuration list for PBXProject "MultiTarget_tvOS" */ = {
			isa = XCConfigurationList;
			buildConfigurations = (
				0155381B1C77D45F00D3FE62 /* Debug */,
				0155381C1C77D45F00D3FE62 /* Release */,
			);
			defaultConfigurationIsVisible = 0;
			defaultConfigurationName = Release;
		};
		0155381D1C77D45F00D3FE62 /* Build configuration list for PBXNativeTarget "MultiTarget_tvOS" */ = {
			isa = XCConfigurationList;
			buildConfigurations = (
				0155381E1C77D45F00D3FE62 /* Debug */,
				0155381F1C77D45F00D3FE62 /* Release */,
			);
			defaultConfigurationIsVisible = 0;
			defaultConfigurationName = Release;
		};
/* End XCConfigurationList section */
	};
	rootObject = 015538011C77D45F00D3FE62 /* Project object */;
}
